<?xml version="1.0" encoding="utf-8"?>
<Project ToolsVersion="4.0" xmlns="http://schemas.microsoft.com/developer/msbuild/2003">
  <ItemGroup>
    <Filter Include="Source Files">
      <UniqueIdentifier>{4FC737F1-C7A5-4376-A066-2A32D752A2FF}</UniqueIdentifier>
      <Extensions>cpp;c;cc;cxx;c++;cppm;ixx;def;odl;idl;hpj;bat;asm;asmx</Extensions>
    </Filter>
    <Filter Include="Header Files">
      <UniqueIdentifier>{93995380-89BD-4b04-88EB-625FBE52EBFB}</UniqueIdentifier>
      <Extensions>h;hh;hpp;hxx;h++;hm;inl;inc;ipp;xsd</Extensions>
    </Filter>
    <Filter Include="Resource Files">
      <UniqueIdentifier>{67DA6AB6-F800-4c08-8B7A-83BB121AAD01}</UniqueIdentifier>
      <Extensions>rc;ico;cur;bmp;dlg;rc2;rct;bin;rgs;gif;jpg;jpeg;jpe;resx;tiff;tif;png;wav;mfcribbon-ms</Extensions>
    </Filter>
    <Filter Include="Inputs">
      <UniqueIdentifier>{45a72216-2c41-4625-bb8f-e39ce85bd351}</UniqueIdentifier>
      <Extensions>txt</Extensions>
    </Filter>
  </ItemGroup>
  <ItemGroup>
    <ClCompile Include="main.cpp">
      <Filter>Source Files</Filter>
    </ClCompile>
    <ClCompile Include="day01.cpp">
      <Filter>Source Files</Filter>
    </ClCompile>
    <ClCompile Include="day02.cpp">
      <Filter>Source Files</Filter>
    </ClCompile>
    <ClCompile Include="day02.h">
      <Filter>Header Files</Filter>
    </ClCompile>
    <ClCompile Include="day03.cpp">
      <Filter>Source Files</Filter>
    </ClCompile>
    <ClCompile Include="day04.cpp">
      <Filter>Source Files</Filter>
    </ClCompile>
    <ClCompile Include="day05.cpp">
      <Filter>Source Files</Filter>
    </ClCompile>
    <ClCompile Include="helpers.cpp">
      <Filter>Source Files</Filter>
    </ClCompile>
    <ClCompile Include="day06.cpp">
      <Filter>Source Files</Filter>
    </ClCompile>
    <ClCompile Include="day07.cpp">
      <Filter>Source Files</Filter>
    </ClCompile>
    <ClCompile Include="day08.cpp">
      <Filter>Source Files</Filter>
    </ClCompile>
    <ClCompile Include="day09.cpp">
      <Filter>Source Files</Filter>
    </ClCompile>
    <ClCompile Include="day10.cpp">
      <Filter>Source Files</Filter>
    </ClCompile>
    <ClCompile Include="day11.cpp">
      <Filter>Source Files</Filter>
    </ClCompile>
    <ClCompile Include="day12.cpp">
      <Filter>Source Files</Filter>
    </ClCompile>
    <ClCompile Include="day13.cpp">
      <Filter>Source Files</Filter>
    </ClCompile>
    <ClCompile Include="day14.cpp">
      <Filter>Source Files</Filter>
    </ClCompile>
    <ClCompile Include="day15.cpp">
      <Filter>Source Files</Filter>
    </ClCompile>
  </ItemGroup>
  <ItemGroup>
    <ClInclude Include="day01.h">
      <Filter>Header Files</Filter>
    </ClInclude>
    <ClInclude Include="day03.h">
      <Filter>Header Files</Filter>
    </ClInclude>
    <ClInclude Include="day04.h">
      <Filter>Header Files</Filter>
    </ClInclude>
    <ClInclude Include="day05.h">
      <Filter>Header Files</Filter>
    </ClInclude>
    <ClInclude Include="helpers.h">
      <Filter>Header Files</Filter>
    </ClInclude>
    <ClInclude Include="day06.h">
      <Filter>Header Files</Filter>
    </ClInclude>
    <ClInclude Include="day07.h">
      <Filter>Header Files</Filter>
    </ClInclude>
    <ClInclude Include="day08.h">
      <Filter>Header Files</Filter>
    </ClInclude>
    <ClInclude Include="day09.h">
      <Filter>Header Files</Filter>
    </ClInclude>
    <ClInclude Include="day10.h">
      <Filter>Header Files</Filter>
    </ClInclude>
    <ClInclude Include="day11.h">
      <Filter>Header Files</Filter>
    </ClInclude>
    <ClInclude Include="day12.h">
      <Filter>Header Files</Filter>
    </ClInclude>
    <ClInclude Include="day13.h">
      <Filter>Header Files</Filter>
    </ClInclude>
    <ClInclude Include="day14.h">
      <Filter>Header Files</Filter>
    </ClInclude>
    <ClInclude Include="day15.h">
      <Filter>Header Files</Filter>
    </ClInclude>
  </ItemGroup>
  <ItemGroup>
    <Text Include="inputs\day01_example.txt">
      <Filter>Inputs</Filter>
    </Text>
    <Text Include="inputs\day01_real.txt">
      <Filter>Inputs</Filter>
    </Text>
    <Text Include="inputs\day02_example.txt">
      <Filter>Inputs</Filter>
    </Text>
    <Text Include="inputs\day02_real.txt">
      <Filter>Inputs</Filter>
    </Text>
    <Text Include="inputs\day03_example.txt">
      <Filter>Inputs</Filter>
    </Text>
    <Text Include="inputs\day03_real.txt">
      <Filter>Inputs</Filter>
    </Text>
    <Text Include="inputs\day04_example.txt">
      <Filter>Inputs</Filter>
    </Text>
    <Text Include="inputs\day04_real.txt">
      <Filter>Inputs</Filter>
    </Text>
    <Text Include="inputs\day05_example.txt">
      <Filter>Inputs</Filter>
    </Text>
    <Text Include="inputs\day05_real.txt">
      <Filter>Inputs</Filter>
    </Text>
    <Text Include="inputs\day06_example.txt">
      <Filter>Inputs</Filter>
    </Text>
    <Text Include="inputs\day06_real.txt">
      <Filter>Inputs</Filter>
    </Text>
    <Text Include="inputs\day07_example.txt">
      <Filter>Inputs</Filter>
    </Text>
    <Text Include="inputs\day07_real.txt">
      <Filter>Inputs</Filter>
    </Text>
    <Text Include="inputs\day08_example.txt">
      <Filter>Inputs</Filter>
    </Text>
    <Text Include="inputs\day08_real.txt">
      <Filter>Inputs</Filter>
    </Text>
    <Text Include="inputs\day08_example2.txt">
      <Filter>Inputs</Filter>
    </Text>
    <Text Include="inputs\day09_example.txt">
      <Filter>Inputs</Filter>
    </Text>
    <Text Include="inputs\day09_real.txt">
      <Filter>Inputs</Filter>
    </Text>
    <Text Include="inputs\day10_example.txt">
      <Filter>Inputs</Filter>
    </Text>
    <Text Include="inputs\day10_real.txt">
      <Filter>Inputs</Filter>
    </Text>
    <Text Include="inputs\day10_example2.txt">
      <Filter>Inputs</Filter>
    </Text>
    <Text Include="inputs\day11_example.txt">
      <Filter>Inputs</Filter>
    </Text>
    <Text Include="inputs\day11_real.txt">
      <Filter>Inputs</Filter>
    </Text>
    <Text Include="inputs\day12_example.txt">
      <Filter>Inputs</Filter>
    </Text>
    <Text Include="inputs\day12_real.txt">
      <Filter>Inputs</Filter>
    </Text>
    <Text Include="inputs\day13_example.txt">
      <Filter>Inputs</Filter>
    </Text>
    <Text Include="inputs\day13_real.txt">
      <Filter>Inputs</Filter>
    </Text>
    <Text Include="inputs\day14_example.txt">
      <Filter>Inputs</Filter>
    </Text>
    <Text Include="inputs\day14_real.txt">
      <Filter>Inputs</Filter>
    </Text>
    <Text Include="inputs\day15_example.txt">
      <Filter>Inputs</Filter>
    </Text>
    <Text Include="inputs\day15_real.txt">
      <Filter>Inputs</Filter>
    </Text>
  </ItemGroup>
</Project>